
Microsoft Visual Studio Solution File, Format Version 12.00
# Visual Studio 15
VisualStudioVersion = 15.0.28010.0
MinimumVisualStudioVersion = 10.0.40219.1
Project("{FAE04EC0-301F-11D3-BF4B-00C04F79EFBC}") = "truespectsistema", "truespectsistema\truespectsistema.csproj", "{8227F91E-E611-4955-A985-7ADBE42F35BB}"
EndProject
Global
	GlobalSection(SolutionConfigurationPlatforms) = preSolution
		Debug|Any CPU = Debug|Any CPU
		Release|Any CPU = Release|Any CPU
	EndGlobalSection
	GlobalSection(ProjectConfigurationPlatforms) = postSolution
		{8227F91E-E611-4955-A985-7ADBE42F35BB}.Debug|Any CPU.ActiveCfg = Debug|Any CPU
		{8227F91E-E611-4955-A985-7ADBE42F35BB}.Debug|Any CPU.Build.0 = Debug|Any CPU
		{8227F91E-E611-4955-A985-7ADBE42F35BB}.Release|Any CPU.ActiveCfg = Release|Any CPU
		{8227F91E-E611-4955-A985-7ADBE42F35BB}.Release|Any CPU.Build.0 = Release|Any CPU
	EndGlobalSection
	GlobalSection(SolutionProperties) = preSolution
		HideSolutionNode = FALSE
	EndGlobalSection
	GlobalSection(ExtensibilityGlobals) = postSolution
		SolutionGuid = {7197B582-0B00-4D98-8D2C-CDEEF29BDFC7}
	EndGlobalSection
EndGlobal
